
Microsoft Visual Studio Solution File, Format Version 12.00
# Visual Studio Version 17
VisualStudioVersion = 17.7.34024.191
MinimumVisualStudioVersion = 10.0.40219.1
Project("{FAE04EC0-301F-11D3-BF4B-00C04F79EFBC}") = "MatrixSumApp", "MatrixSumApp\MatrixSumApp.csproj", "{13A75DC3-6A59-424E-B98D-F7C8FEF69158}"
EndProject
Global
	GlobalSection(SolutionConfigurationPlatforms) = preSolution
		Debug|Any CPU = Debug|Any CPU
		Release|Any CPU = Release|Any CPU
	EndGlobalSection
	GlobalSection(ProjectConfigurationPlatforms) = postSolution
		{13A75DC3-6A59-424E-B98D-F7C8FEF69158}.Debug|Any CPU.ActiveCfg = Debug|Any CPU
		{13A75DC3-6A59-424E-B98D-F7C8FEF69158}.Debug|Any CPU.Build.0 = Debug|Any CPU
		{13A75DC3-6A59-424E-B98D-F7C8FEF69158}.Release|Any CPU.ActiveCfg = Release|Any CPU
		{13A75DC3-6A59-424E-B98D-F7C8FEF69158}.Release|Any CPU.Build.0 = Release|Any CPU
	EndGlobalSection
	GlobalSection(SolutionProperties) = preSolution
		HideSolutionNode = FALSE
	EndGlobalSection
	GlobalSection(ExtensibilityGlobals) = postSolution
		SolutionGuid = {49EF9BBF-AA29-4EFA-B344-3C10B0F5E4F9}
	EndGlobalSection
EndGlobal
